
Microsoft Visual Studio Solution File, Format Version 12.00
# Visual Studio Version 17
VisualStudioVersion = 17.4.33213.308
MinimumVisualStudioVersion = 10.0.40219.1
Project("{FAE04EC0-301F-11D3-BF4B-00C04F79EFBC}") = "banchecker", "banchecker.csproj", "{ABBC2258-C4A9-4D23-9032-60C735011FD4}"
EndProject
Global
	GlobalSection(SolutionConfigurationPlatforms) = preSolution
		Debug|Any CPU = Debug|Any CPU
		Release|Any CPU = Release|Any CPU
	EndGlobalSection
	GlobalSection(ProjectConfigurationPlatforms) = postSolution
		{ABBC2258-C4A9-4D23-9032-60C735011FD4}.Debug|Any CPU.ActiveCfg = Debug|Any CPU
		{ABBC2258-C4A9-4D23-9032-60C735011FD4}.Debug|Any CPU.Build.0 = Debug|Any CPU
		{ABBC2258-C4A9-4D23-9032-60C735011FD4}.Release|Any CPU.ActiveCfg = Release|Any CPU
		{ABBC2258-C4A9-4D23-9032-60C735011FD4}.Release|Any CPU.Build.0 = Release|Any CPU
	EndGlobalSection
	GlobalSection(SolutionProperties) = preSolution
		HideSolutionNode = FALSE
	EndGlobalSection
	GlobalSection(ExtensibilityGlobals) = postSolution
		SolutionGuid = {93E7AF90-91CE-4ACE-8292-95E9A39610F4}
	EndGlobalSection
EndGlobal
